# This file is generated by running "yarn install" inside your project.
# Manual changes might be lost - proceed with caution!

__metadata:
  version: 8
  cacheKey: 10c0

"@autonomys/auto-dag-data@npm:^1.0.10":
  version: 1.0.10
  resolution: "@autonomys/auto-dag-data@npm:1.0.10"
  dependencies:
    "@ipld/dag-pb": "npm:^4.1.2"
    "@peculiar/webcrypto": "npm:^1.5.0"
    "@webbuf/blake3": "npm:^3.0.26"
    "@webbuf/fixedbuf": "npm:^3.0.26"
    "@webbuf/webbuf": "npm:^3.0.26"
    fflate: "npm:^0.8.2"
    multiformats: "npm:^13.2.2"
    protobufjs: "npm:^7.4.0"
    protons: "npm:^7.6.0"
    protons-runtime: "npm:^5.5.0"
  checksum: 10c0/4dd26203605c28acf82934d9613acbae536f2c3390d73127a011db4a96ec40f163d4d93e9fc9fc44ae9aa970ffc6753ba7a3ed03ce10f89bc2707ff195411920
  languageName: node
  linkType: hard

"@autonomys/auto-drive@npm:^1.0.10":
  version: 1.0.10
  resolution: "@autonomys/auto-drive@npm:1.0.10"
  dependencies:
    "@autonomys/auto-dag-data": "npm:^1.0.10"
    jszip: "npm:^3.10.1"
    mime-types: "npm:^2.1.35"
    zod: "npm:^3.23.8"
  checksum: 10c0/50be1ba29aa862138a35aa9fa3d285f46f1732d404fad0f603714afc70dd801452d2728817a945bd41e493db87e06745d846297a8d33d2568b1381226eb01abc
  languageName: node
  linkType: hard

"@babel/helper-string-parser@npm:^7.25.9":
  version: 7.25.9
  resolution: "@babel/helper-string-parser@npm:7.25.9"
  checksum: 10c0/7244b45d8e65f6b4338a6a68a8556f2cb161b782343e97281a5f2b9b93e420cad0d9f5773a59d79f61d0c448913d06f6a2358a87f2e203cf112e3c5b53522ee6
  languageName: node
  linkType: hard

"@babel/helper-validator-identifier@npm:^7.25.9":
  version: 7.25.9
  resolution: "@babel/helper-validator-identifier@npm:7.25.9"
  checksum: 10c0/4fc6f830177b7b7e887ad3277ddb3b91d81e6c4a24151540d9d1023e8dc6b1c0505f0f0628ae653601eb4388a8db45c1c14b2c07a9173837aef7e4116456259d
  languageName: node
  linkType: hard

"@babel/parser@npm:^7.20.15":
  version: 7.26.2
  resolution: "@babel/parser@npm:7.26.2"
  dependencies:
    "@babel/types": "npm:^7.26.0"
  bin:
    parser: ./bin/babel-parser.js
  checksum: 10c0/751a743087b3a9172a7599f1421830d44c38f065ef781588d2bfb1c98f9b461719a226feb13c868d7a284783eee120c88ea522593118f2668f46ebfb1105c4d7
  languageName: node
  linkType: hard

"@babel/types@npm:^7.26.0":
  version: 7.26.0
  resolution: "@babel/types@npm:7.26.0"
  dependencies:
    "@babel/helper-string-parser": "npm:^7.25.9"
    "@babel/helper-validator-identifier": "npm:^7.25.9"
  checksum: 10c0/b694f41ad1597127e16024d766c33a641508aad037abd08d0d1f73af753e1119fa03b4a107d04b5f92cc19c095a594660547ae9bead1db2299212d644b0a5cb8
  languageName: node
  linkType: hard

"@cspotcode/source-map-support@npm:^0.8.0":
  version: 0.8.1
  resolution: "@cspotcode/source-map-support@npm:0.8.1"
  dependencies:
    "@jridgewell/trace-mapping": "npm:0.3.9"
  checksum: 10c0/05c5368c13b662ee4c122c7bfbe5dc0b613416672a829f3e78bc49a357a197e0218d6e74e7c66cfcd04e15a179acab080bd3c69658c9fbefd0e1ccd950a07fc6
  languageName: node
  linkType: hard

"@ipld/dag-pb@npm:^4.1.2":
  version: 4.1.3
  resolution: "@ipld/dag-pb@npm:4.1.3"
  dependencies:
    multiformats: "npm:^13.1.0"
  checksum: 10c0/c785c8e291c7c417618b43381a57672feda61e1fed8aaf3365e306f29b31d4770cf54f68a4de4fac03775a768d93c2be11690a008e0856851a5b64a4b7d27efc
  languageName: node
  linkType: hard

"@jridgewell/resolve-uri@npm:^3.0.3":
  version: 3.1.2
  resolution: "@jridgewell/resolve-uri@npm:3.1.2"
  checksum: 10c0/d502e6fb516b35032331406d4e962c21fe77cdf1cbdb49c6142bcbd9e30507094b18972778a6e27cbad756209cfe34b1a27729e6fa08a2eb92b33943f680cf1e
  languageName: node
  linkType: hard

"@jridgewell/sourcemap-codec@npm:^1.4.10":
  version: 1.5.0
  resolution: "@jridgewell/sourcemap-codec@npm:1.5.0"
  checksum: 10c0/2eb864f276eb1096c3c11da3e9bb518f6d9fc0023c78344cdc037abadc725172c70314bdb360f2d4b7bffec7f5d657ce006816bc5d4ecb35e61b66132db00c18
  languageName: node
  linkType: hard

"@jridgewell/trace-mapping@npm:0.3.9":
  version: 0.3.9
  resolution: "@jridgewell/trace-mapping@npm:0.3.9"
  dependencies:
    "@jridgewell/resolve-uri": "npm:^3.0.3"
    "@jridgewell/sourcemap-codec": "npm:^1.4.10"
  checksum: 10c0/fa425b606d7c7ee5bfa6a31a7b050dd5814b4082f318e0e4190f991902181b4330f43f4805db1dd4f2433fd0ed9cc7a7b9c2683f1deeab1df1b0a98b1e24055b
  languageName: node
  linkType: hard

"@jsdoc/salty@npm:^0.2.1":
  version: 0.2.8
  resolution: "@jsdoc/salty@npm:0.2.8"
  dependencies:
    lodash: "npm:^4.17.21"
  checksum: 10c0/ace2a0ef346e49e9573623544939e1b07906c2775d1027113e10666997c9a50397059b3212e233a053f9d8a118818b847f1690177017b1126408d9bcc7054938
  languageName: node
  linkType: hard

"@peculiar/asn1-schema@npm:^2.3.13, @peculiar/asn1-schema@npm:^2.3.8":
  version: 2.3.13
  resolution: "@peculiar/asn1-schema@npm:2.3.13"
  dependencies:
    asn1js: "npm:^3.0.5"
    pvtsutils: "npm:^1.3.5"
    tslib: "npm:^2.6.2"
  checksum: 10c0/98020f09a1b412e16bd5cb96ecb35a4da8043d90f4911eaa8b565cba7c437ae39544f928f8c112d5926f260bff78a184c165f60f153409c94b5224527ea355b0
  languageName: node
  linkType: hard

"@peculiar/json-schema@npm:^1.1.12":
  version: 1.1.12
  resolution: "@peculiar/json-schema@npm:1.1.12"
  dependencies:
    tslib: "npm:^2.0.0"
  checksum: 10c0/202132c66dcc6b6aca5d0af971c015be2e163da2f7f992910783c5d39c8a7db59b6ec4f4ce419459a1f954b7e1d17b6b253f0e60072c1b3d254079f4eaebc311
  languageName: node
  linkType: hard

"@peculiar/webcrypto@npm:^1.5.0":
  version: 1.5.0
  resolution: "@peculiar/webcrypto@npm:1.5.0"
  dependencies:
    "@peculiar/asn1-schema": "npm:^2.3.8"
    "@peculiar/json-schema": "npm:^1.1.12"
    pvtsutils: "npm:^1.3.5"
    tslib: "npm:^2.6.2"
    webcrypto-core: "npm:^1.8.0"
  checksum: 10c0/4f6f24b2c52c2155b9c569b6eb1d57954cb5f7bd2764a50cdaed7aea17a6dcf304b75b87b57ba318756ffec8179a07d9a76534aaf77855912b838543e5ff8983
  languageName: node
  linkType: hard

"@protobufjs/aspromise@npm:^1.1.1, @protobufjs/aspromise@npm:^1.1.2":
  version: 1.1.2
  resolution: "@protobufjs/aspromise@npm:1.1.2"
  checksum: 10c0/a83343a468ff5b5ec6bff36fd788a64c839e48a07ff9f4f813564f58caf44d011cd6504ed2147bf34835bd7a7dd2107052af755961c6b098fd8902b4f6500d0f
  languageName: node
  linkType: hard

"@protobufjs/base64@npm:^1.1.2":
  version: 1.1.2
  resolution: "@protobufjs/base64@npm:1.1.2"
  checksum: 10c0/eec925e681081af190b8ee231f9bad3101e189abbc182ff279da6b531e7dbd2a56f1f306f37a80b1be9e00aa2d271690d08dcc5f326f71c9eed8546675c8caf6
  languageName: node
  linkType: hard

"@protobufjs/codegen@npm:^2.0.4":
  version: 2.0.4
  resolution: "@protobufjs/codegen@npm:2.0.4"
  checksum: 10c0/26ae337c5659e41f091606d16465bbcc1df1f37cc1ed462438b1f67be0c1e28dfb2ca9f294f39100c52161aef82edf758c95d6d75650a1ddf31f7ddee1440b43
  languageName: node
  linkType: hard

"@protobufjs/eventemitter@npm:^1.1.0":
  version: 1.1.0
  resolution: "@protobufjs/eventemitter@npm:1.1.0"
  checksum: 10c0/1eb0a75180e5206d1033e4138212a8c7089a3d418c6dfa5a6ce42e593a4ae2e5892c4ef7421f38092badba4040ea6a45f0928869989411001d8c1018ea9a6e70
  languageName: node
  linkType: hard

"@protobufjs/fetch@npm:^1.1.0":
  version: 1.1.0
  resolution: "@protobufjs/fetch@npm:1.1.0"
  dependencies:
    "@protobufjs/aspromise": "npm:^1.1.1"
    "@protobufjs/inquire": "npm:^1.1.0"
  checksum: 10c0/cda6a3dc2d50a182c5865b160f72077aac197046600091dbb005dd0a66db9cce3c5eaed6d470ac8ed49d7bcbeef6ee5f0bc288db5ff9a70cbd003e5909065233
  languageName: node
  linkType: hard

"@protobufjs/float@npm:^1.0.2":
  version: 1.0.2
  resolution: "@protobufjs/float@npm:1.0.2"
  checksum: 10c0/18f2bdede76ffcf0170708af15c9c9db6259b771e6b84c51b06df34a9c339dbbeec267d14ce0bddd20acc142b1d980d983d31434398df7f98eb0c94a0eb79069
  languageName: node
  linkType: hard

"@protobufjs/inquire@npm:^1.1.0":
  version: 1.1.0
  resolution: "@protobufjs/inquire@npm:1.1.0"
  checksum: 10c0/64372482efcba1fb4d166a2664a6395fa978b557803857c9c03500e0ac1013eb4b1aacc9ed851dd5fc22f81583670b4f4431bae186f3373fedcfde863ef5921a
  languageName: node
  linkType: hard

"@protobufjs/path@npm:^1.1.2":
  version: 1.1.2
  resolution: "@protobufjs/path@npm:1.1.2"
  checksum: 10c0/cece0a938e7f5dfd2fa03f8c14f2f1cf8b0d6e13ac7326ff4c96ea311effd5fb7ae0bba754fbf505312af2e38500250c90e68506b97c02360a43793d88a0d8b4
  languageName: node
  linkType: hard

"@protobufjs/pool@npm:^1.1.0":
  version: 1.1.0
  resolution: "@protobufjs/pool@npm:1.1.0"
  checksum: 10c0/eda2718b7f222ac6e6ad36f758a92ef90d26526026a19f4f17f668f45e0306a5bd734def3f48f51f8134ae0978b6262a5c517c08b115a551756d1a3aadfcf038
  languageName: node
  linkType: hard

"@protobufjs/utf8@npm:^1.1.0":
  version: 1.1.0
  resolution: "@protobufjs/utf8@npm:1.1.0"
  checksum: 10c0/a3fe31fe3fa29aa3349e2e04ee13dc170cc6af7c23d92ad49e3eeaf79b9766264544d3da824dba93b7855bd6a2982fb40032ef40693da98a136d835752beb487
  languageName: node
  linkType: hard

"@tsconfig/node10@npm:^1.0.7":
  version: 1.0.11
  resolution: "@tsconfig/node10@npm:1.0.11"
  checksum: 10c0/28a0710e5d039e0de484bdf85fee883bfd3f6a8980601f4d44066b0a6bcd821d31c4e231d1117731c4e24268bd4cf2a788a6787c12fc7f8d11014c07d582783c
  languageName: node
  linkType: hard

"@tsconfig/node12@npm:^1.0.7":
  version: 1.0.11
  resolution: "@tsconfig/node12@npm:1.0.11"
  checksum: 10c0/dddca2b553e2bee1308a056705103fc8304e42bb2d2cbd797b84403a223b25c78f2c683ec3e24a095e82cd435387c877239bffcb15a590ba817cd3f6b9a99fd9
  languageName: node
  linkType: hard

"@tsconfig/node14@npm:^1.0.0":
  version: 1.0.3
  resolution: "@tsconfig/node14@npm:1.0.3"
  checksum: 10c0/67c1316d065fdaa32525bc9449ff82c197c4c19092b9663b23213c8cbbf8d88b6ed6a17898e0cbc2711950fbfaf40388938c1c748a2ee89f7234fc9e7fe2bf44
  languageName: node
  linkType: hard

"@tsconfig/node16@npm:^1.0.2":
  version: 1.0.4
  resolution: "@tsconfig/node16@npm:1.0.4"
  checksum: 10c0/05f8f2734e266fb1839eb1d57290df1664fe2aa3b0fdd685a9035806daa635f7519bf6d5d9b33f6e69dd545b8c46bd6e2b5c79acb2b1f146e885f7f11a42a5bb
  languageName: node
  linkType: hard

"@types/linkify-it@npm:^5":
  version: 5.0.0
  resolution: "@types/linkify-it@npm:5.0.0"
  checksum: 10c0/7bbbf45b9dde17bf3f184fee585aef0e7342f6954f0377a24e4ff42ab5a85d5b806aaa5c8d16e2faf2a6b87b2d94467a196b7d2b85c9c7de2f0eaac5487aaab8
  languageName: node
  linkType: hard

"@types/markdown-it@npm:^14.1.1":
  version: 14.1.2
  resolution: "@types/markdown-it@npm:14.1.2"
  dependencies:
    "@types/linkify-it": "npm:^5"
    "@types/mdurl": "npm:^2"
  checksum: 10c0/34f709f0476bd4e7b2ba7c3341072a6d532f1f4cb6f70aef371e403af8a08a7c372ba6907ac426bc618d356dab660c5b872791ff6c1ead80c483e0d639c6f127
  languageName: node
  linkType: hard

"@types/mdurl@npm:^2":
  version: 2.0.0
  resolution: "@types/mdurl@npm:2.0.0"
  checksum: 10c0/cde7bb571630ed1ceb3b92a28f7b59890bb38b8f34cd35326e2df43eebfc74985e6aa6fd4184e307393bad8a9e0783a519a3f9d13c8e03788c0f98e5ec869c5e
  languageName: node
  linkType: hard

"@types/node@npm:>=13.7.0, @types/node@npm:^22.5.1":
  version: 22.10.1
  resolution: "@types/node@npm:22.10.1"
  dependencies:
    undici-types: "npm:~6.20.0"
  checksum: 10c0/0fbb6d29fa35d807f0223a4db709c598ac08d66820240a2cd6a8a69b8f0bc921d65b339d850a666b43b4e779f967e6ed6cf6f0fca3575e08241e6b900364c234
  languageName: node
  linkType: hard

"@webbuf/blake3@npm:^3.0.26":
  version: 3.0.26
  resolution: "@webbuf/blake3@npm:3.0.26"
  peerDependencies:
    "@webbuf/fixedbuf": ^3.0.26
    "@webbuf/webbuf": ^3.0.26
  checksum: 10c0/2c50bdede8d2ba278409f41c465d4891a08b16e60b0e67e1be5310b94a98540aaaac6d2280bcb77780f165aba49883ffd7dbcc204779c813c62f314f9cb5589e
  languageName: node
  linkType: hard

"@webbuf/fixedbuf@npm:^3.0.26":
  version: 3.0.26
  resolution: "@webbuf/fixedbuf@npm:3.0.26"
  peerDependencies:
    "@webbuf/webbuf": ^3.0.26
  checksum: 10c0/5dd6031dd223b06f4f384e69dd3be3bd824b6edd4f9e11d6bff5dfbeae6e862da8d9d8a77578e91697be91455e7910bd1f5a8e4890d9f03e10af59000e446120
  languageName: node
  linkType: hard

"@webbuf/webbuf@npm:^3.0.26":
  version: 3.0.26
  resolution: "@webbuf/webbuf@npm:3.0.26"
  checksum: 10c0/3f9ef7078c220a46250ab5ad0ce249f63b05b949291d88a42113355d60de6c3ddb705b960d57912f2631f8aa6ce3c36b42fca5dd5d8401ebf71b6cf4fa629ca8
  languageName: node
  linkType: hard

"acorn-jsx@npm:^5.3.2":
  version: 5.3.2
  resolution: "acorn-jsx@npm:5.3.2"
  peerDependencies:
    acorn: ^6.0.0 || ^7.0.0 || ^8.0.0
  checksum: 10c0/4c54868fbef3b8d58927d5e33f0a4de35f59012fe7b12cf9dfbb345fb8f46607709e1c4431be869a23fb63c151033d84c4198fa9f79385cec34fcb1dd53974c1
  languageName: node
  linkType: hard

"acorn-walk@npm:^8.1.1":
  version: 8.3.4
  resolution: "acorn-walk@npm:8.3.4"
  dependencies:
    acorn: "npm:^8.11.0"
  checksum: 10c0/76537ac5fb2c37a64560feaf3342023dadc086c46da57da363e64c6148dc21b57d49ace26f949e225063acb6fb441eabffd89f7a3066de5ad37ab3e328927c62
  languageName: node
  linkType: hard

"acorn@npm:^8.11.0, acorn@npm:^8.4.1, acorn@npm:^8.9.0":
  version: 8.14.0
  resolution: "acorn@npm:8.14.0"
  bin:
    acorn: bin/acorn
  checksum: 10c0/6d4ee461a7734b2f48836ee0fbb752903606e576cc100eb49340295129ca0b452f3ba91ddd4424a1d4406a98adfb2ebb6bd0ff4c49d7a0930c10e462719bbfd7
  languageName: node
  linkType: hard

"ansi-styles@npm:^4.1.0":
  version: 4.3.0
  resolution: "ansi-styles@npm:4.3.0"
  dependencies:
    color-convert: "npm:^2.0.1"
  checksum: 10c0/895a23929da416f2bd3de7e9cb4eabd340949328ab85ddd6e484a637d8f6820d485f53933446f5291c3b760cbc488beb8e88573dd0f9c7daf83dccc8fe81b041
  languageName: node
  linkType: hard

"arg@npm:^4.1.0":
  version: 4.1.3
  resolution: "arg@npm:4.1.3"
  checksum: 10c0/070ff801a9d236a6caa647507bdcc7034530604844d64408149a26b9e87c2f97650055c0f049abd1efc024b334635c01f29e0b632b371ac3f26130f4cf65997a
  languageName: node
  linkType: hard

"argparse@npm:^2.0.1":
  version: 2.0.1
  resolution: "argparse@npm:2.0.1"
  checksum: 10c0/c5640c2d89045371c7cedd6a70212a04e360fd34d6edeae32f6952c63949e3525ea77dbec0289d8213a99bbaeab5abfa860b5c12cf88a2e6cf8106e90dd27a7e
  languageName: node
  linkType: hard

"asn1js@npm:^3.0.5":
  version: 3.0.5
  resolution: "asn1js@npm:3.0.5"
  dependencies:
    pvtsutils: "npm:^1.3.2"
    pvutils: "npm:^1.1.3"
    tslib: "npm:^2.4.0"
  checksum: 10c0/bb8eaf4040c8f49dd475566874986f5976b81bae65a6b5526e2208a13cdca323e69ce297bcd435fdda3eb6933defe888e71974d705b6fcb14f2734a907f8aed4
  languageName: node
  linkType: hard

"asynckit@npm:^0.4.0":
  version: 0.4.0
  resolution: "asynckit@npm:0.4.0"
  checksum: 10c0/d73e2ddf20c4eb9337e1b3df1a0f6159481050a5de457c55b14ea2e5cb6d90bb69e004c9af54737a5ee0917fcf2c9e25de67777bbe58261847846066ba75bc9d
  languageName: node
  linkType: hard

"auto-drive-examples@workspace:.":
  version: 0.0.0-use.local
  resolution: "auto-drive-examples@workspace:."
  dependencies:
    "@autonomys/auto-drive": "npm:^1.0.10"
    "@types/node": "npm:^22.5.1"
    axios: "npm:^1.7.5"
    commander: "npm:^12.1.0"
    dotenv: "npm:^16.4.5"
    ts-node: "npm:^10.9.2"
    typescript: "npm:^5.5.4"
  languageName: unknown
  linkType: soft

"axios@npm:^1.7.5":
  version: 1.7.8
  resolution: "axios@npm:1.7.8"
  dependencies:
    follow-redirects: "npm:^1.15.6"
    form-data: "npm:^4.0.0"
    proxy-from-env: "npm:^1.1.0"
  checksum: 10c0/23ae2d0105aea9170c34ac9b6f30d9b2ab2fa8b1370205d2f7ce98b9f9510ab420148c13359ee837ea5a4bf2fb028ff225bd2fc92052fb0c478c6b4a836e2d5f
  languageName: node
  linkType: hard

"balanced-match@npm:^1.0.0":
  version: 1.0.2
  resolution: "balanced-match@npm:1.0.2"
  checksum: 10c0/9308baf0a7e4838a82bbfd11e01b1cb0f0cf2893bc1676c27c2a8c0e70cbae1c59120c3268517a8ae7fb6376b4639ef81ca22582611dbee4ed28df945134aaee
  languageName: node
  linkType: hard

"bluebird@npm:^3.7.2":
  version: 3.7.2
  resolution: "bluebird@npm:3.7.2"
  checksum: 10c0/680de03adc54ff925eaa6c7bb9a47a0690e8b5de60f4792604aae8ed618c65e6b63a7893b57ca924beaf53eee69c5af4f8314148c08124c550fe1df1add897d2
  languageName: node
  linkType: hard

"brace-expansion@npm:^2.0.1":
  version: 2.0.1
  resolution: "brace-expansion@npm:2.0.1"
  dependencies:
    balanced-match: "npm:^1.0.0"
  checksum: 10c0/b358f2fe060e2d7a87aa015979ecea07f3c37d4018f8d6deb5bd4c229ad3a0384fe6029bb76cd8be63c81e516ee52d1a0673edbe2023d53a5191732ae3c3e49f
  languageName: node
  linkType: hard

"catharsis@npm:^0.9.0":
  version: 0.9.0
  resolution: "catharsis@npm:0.9.0"
  dependencies:
    lodash: "npm:^4.17.15"
  checksum: 10c0/9ac03ca48154ac63cfdb6c1645481d9d04f3c3e0dea131debf3116a0c12aa47e8864be7dcf770932c46d75bdd844a99f0c116c234e57232ad1f427751498e7ed
  languageName: node
  linkType: hard

"chalk@npm:^4.0.0":
  version: 4.1.2
  resolution: "chalk@npm:4.1.2"
  dependencies:
    ansi-styles: "npm:^4.1.0"
    supports-color: "npm:^7.1.0"
  checksum: 10c0/4a3fef5cc34975c898ffe77141450f679721df9dde00f6c304353fa9c8b571929123b26a0e4617bde5018977eb655b31970c297b91b63ee83bb82aeb04666880
  languageName: node
  linkType: hard

"color-convert@npm:^2.0.1":
  version: 2.0.1
  resolution: "color-convert@npm:2.0.1"
  dependencies:
    color-name: "npm:~1.1.4"
  checksum: 10c0/37e1150172f2e311fe1b2df62c6293a342ee7380da7b9cfdba67ea539909afbd74da27033208d01d6d5cfc65ee7868a22e18d7e7648e004425441c0f8a15a7d7
  languageName: node
  linkType: hard

"color-name@npm:~1.1.4":
  version: 1.1.4
  resolution: "color-name@npm:1.1.4"
  checksum: 10c0/a1a3f914156960902f46f7f56bc62effc6c94e84b2cae157a526b1c1f74b677a47ec602bf68a61abfa2b42d15b7c5651c6dbe72a43af720bc588dff885b10f95
  languageName: node
  linkType: hard

"combined-stream@npm:^1.0.8":
  version: 1.0.8
  resolution: "combined-stream@npm:1.0.8"
  dependencies:
    delayed-stream: "npm:~1.0.0"
  checksum: 10c0/0dbb829577e1b1e839fa82b40c07ffaf7de8a09b935cadd355a73652ae70a88b4320db322f6634a4ad93424292fa80973ac6480986247f1734a1137debf271d5
  languageName: node
  linkType: hard

"commander@npm:^12.1.0":
  version: 12.1.0
  resolution: "commander@npm:12.1.0"
  checksum: 10c0/6e1996680c083b3b897bfc1cfe1c58dfbcd9842fd43e1aaf8a795fbc237f65efcc860a3ef457b318e73f29a4f4a28f6403c3d653d021d960e4632dd45bde54a9
  languageName: node
  linkType: hard

"core-util-is@npm:~1.0.0":
  version: 1.0.3
  resolution: "core-util-is@npm:1.0.3"
  checksum: 10c0/90a0e40abbddfd7618f8ccd63a74d88deea94e77d0e8dbbea059fa7ebebb8fbb4e2909667fe26f3a467073de1a542ebe6ae4c73a73745ac5833786759cd906c9
  languageName: node
  linkType: hard

"create-require@npm:^1.1.0":
  version: 1.1.1
  resolution: "create-require@npm:1.1.1"
  checksum: 10c0/157cbc59b2430ae9a90034a5f3a1b398b6738bf510f713edc4d4e45e169bc514d3d99dd34d8d01ca7ae7830b5b8b537e46ae8f3c8f932371b0875c0151d7ec91
  languageName: node
  linkType: hard

"deep-is@npm:~0.1.3":
  version: 0.1.4
  resolution: "deep-is@npm:0.1.4"
  checksum: 10c0/7f0ee496e0dff14a573dc6127f14c95061b448b87b995fc96c017ce0a1e66af1675e73f1d6064407975bc4ea6ab679497a29fff7b5b9c4e99cb10797c1ad0b4c
  languageName: node
  linkType: hard

"delayed-stream@npm:~1.0.0":
  version: 1.0.0
  resolution: "delayed-stream@npm:1.0.0"
  checksum: 10c0/d758899da03392e6712f042bec80aa293bbe9e9ff1b2634baae6a360113e708b91326594c8a486d475c69d6259afb7efacdc3537bfcda1c6c648e390ce601b19
  languageName: node
  linkType: hard

"diff@npm:^4.0.1":
  version: 4.0.2
  resolution: "diff@npm:4.0.2"
  checksum: 10c0/81b91f9d39c4eaca068eb0c1eb0e4afbdc5bb2941d197f513dd596b820b956fef43485876226d65d497bebc15666aa2aa82c679e84f65d5f2bfbf14ee46e32c1
  languageName: node
  linkType: hard

"dotenv@npm:^16.4.5":
  version: 16.4.5
  resolution: "dotenv@npm:16.4.5"
  checksum: 10c0/48d92870076832af0418b13acd6e5a5a3e83bb00df690d9812e94b24aff62b88ade955ac99a05501305b8dc8f1b0ee7638b18493deb6fe93d680e5220936292f
  languageName: node
  linkType: hard

"entities@npm:^4.4.0":
  version: 4.5.0
  resolution: "entities@npm:4.5.0"
  checksum: 10c0/5b039739f7621f5d1ad996715e53d964035f75ad3b9a4d38c6b3804bb226e282ffeae2443624d8fdd9c47d8e926ae9ac009c54671243f0c3294c26af7cc85250
  languageName: node
  linkType: hard

"escape-string-regexp@npm:^2.0.0":
  version: 2.0.0
  resolution: "escape-string-regexp@npm:2.0.0"
  checksum: 10c0/2530479fe8db57eace5e8646c9c2a9c80fa279614986d16dcc6bcaceb63ae77f05a851ba6c43756d816c61d7f4534baf56e3c705e3e0d884818a46808811c507
  languageName: node
  linkType: hard

"escodegen@npm:^1.13.0":
  version: 1.14.3
  resolution: "escodegen@npm:1.14.3"
  dependencies:
    esprima: "npm:^4.0.1"
    estraverse: "npm:^4.2.0"
    esutils: "npm:^2.0.2"
    optionator: "npm:^0.8.1"
    source-map: "npm:~0.6.1"
  dependenciesMeta:
    source-map:
      optional: true
  bin:
    escodegen: bin/escodegen.js
    esgenerate: bin/esgenerate.js
  checksum: 10c0/30d337803e8f44308c90267bf6192399e4b44792497c77a7506b68ab802ba6a48ebbe1ce77b219aba13dfd2de5f5e1c267e35be1ed87b2a9c3315e8b283e302a
  languageName: node
  linkType: hard

"eslint-visitor-keys@npm:^3.4.1":
  version: 3.4.3
  resolution: "eslint-visitor-keys@npm:3.4.3"
  checksum: 10c0/92708e882c0a5ffd88c23c0b404ac1628cf20104a108c745f240a13c332a11aac54f49a22d5762efbffc18ecbc9a580d1b7ad034bf5f3cc3307e5cbff2ec9820
  languageName: node
  linkType: hard

"espree@npm:^9.0.0":
  version: 9.6.1
  resolution: "espree@npm:9.6.1"
  dependencies:
    acorn: "npm:^8.9.0"
    acorn-jsx: "npm:^5.3.2"
    eslint-visitor-keys: "npm:^3.4.1"
  checksum: 10c0/1a2e9b4699b715347f62330bcc76aee224390c28bb02b31a3752e9d07549c473f5f986720483c6469cf3cfb3c9d05df612ffc69eb1ee94b54b739e67de9bb460
  languageName: node
  linkType: hard

"esprima@npm:^4.0.1":
  version: 4.0.1
  resolution: "esprima@npm:4.0.1"
  bin:
    esparse: ./bin/esparse.js
    esvalidate: ./bin/esvalidate.js
  checksum: 10c0/ad4bab9ead0808cf56501750fd9d3fb276f6b105f987707d059005d57e182d18a7c9ec7f3a01794ebddcca676773e42ca48a32d67a250c9d35e009ca613caba3
  languageName: node
  linkType: hard

"estraverse@npm:^4.2.0":
  version: 4.3.0
  resolution: "estraverse@npm:4.3.0"
  checksum: 10c0/9cb46463ef8a8a4905d3708a652d60122a0c20bb58dec7e0e12ab0e7235123d74214fc0141d743c381813e1b992767e2708194f6f6e0f9fd00c1b4e0887b8b6d
  languageName: node
  linkType: hard

"estraverse@npm:^5.1.0":
  version: 5.3.0
  resolution: "estraverse@npm:5.3.0"
  checksum: 10c0/1ff9447b96263dec95d6d67431c5e0771eb9776427421260a3e2f0fdd5d6bd4f8e37a7338f5ad2880c9f143450c9b1e4fc2069060724570a49cf9cf0312bd107
  languageName: node
  linkType: hard

"esutils@npm:^2.0.2":
  version: 2.0.3
  resolution: "esutils@npm:2.0.3"
  checksum: 10c0/9a2fe69a41bfdade834ba7c42de4723c97ec776e40656919c62cbd13607c45e127a003f05f724a1ea55e5029a4cf2de444b13009f2af71271e42d93a637137c7
  languageName: node
  linkType: hard

"fast-levenshtein@npm:~2.0.6":
  version: 2.0.6
  resolution: "fast-levenshtein@npm:2.0.6"
  checksum: 10c0/111972b37338bcb88f7d9e2c5907862c280ebf4234433b95bc611e518d192ccb2d38119c4ac86e26b668d75f7f3894f4ff5c4982899afced7ca78633b08287c4
  languageName: node
  linkType: hard

"fflate@npm:^0.8.2":
  version: 0.8.2
  resolution: "fflate@npm:0.8.2"
  checksum: 10c0/03448d630c0a583abea594835a9fdb2aaf7d67787055a761515bf4ed862913cfd693b4c4ffd5c3f3b355a70cf1e19033e9ae5aedcca103188aaff91b8bd6e293
  languageName: node
  linkType: hard

"follow-redirects@npm:^1.15.6":
  version: 1.15.9
  resolution: "follow-redirects@npm:1.15.9"
  peerDependenciesMeta:
    debug:
      optional: true
  checksum: 10c0/5829165bd112c3c0e82be6c15b1a58fa9dcfaede3b3c54697a82fe4a62dd5ae5e8222956b448d2f98e331525f05d00404aba7d696de9e761ef6e42fdc780244f
  languageName: node
  linkType: hard

"form-data@npm:^4.0.0":
  version: 4.0.1
  resolution: "form-data@npm:4.0.1"
  dependencies:
    asynckit: "npm:^0.4.0"
    combined-stream: "npm:^1.0.8"
    mime-types: "npm:^2.1.12"
  checksum: 10c0/bb102d570be8592c23f4ea72d7df9daa50c7792eb0cf1c5d7e506c1706e7426a4e4ae48a35b109e91c85f1c0ec63774a21ae252b66f4eb981cb8efef7d0463c8
  languageName: node
  linkType: hard

"fs.realpath@npm:^1.0.0":
  version: 1.0.0
  resolution: "fs.realpath@npm:1.0.0"
  checksum: 10c0/444cf1291d997165dfd4c0d58b69f0e4782bfd9149fd72faa4fe299e68e0e93d6db941660b37dd29153bf7186672ececa3b50b7e7249477b03fdf850f287c948
  languageName: node
  linkType: hard

"glob@npm:^8.0.0":
  version: 8.1.0
  resolution: "glob@npm:8.1.0"
  dependencies:
    fs.realpath: "npm:^1.0.0"
    inflight: "npm:^1.0.4"
    inherits: "npm:2"
    minimatch: "npm:^5.0.1"
    once: "npm:^1.3.0"
  checksum: 10c0/cb0b5cab17a59c57299376abe5646c7070f8acb89df5595b492dba3bfb43d301a46c01e5695f01154e6553168207cb60d4eaf07d3be4bc3eb9b0457c5c561d0f
  languageName: node
  linkType: hard

"graceful-fs@npm:^4.1.9":
  version: 4.2.11
  resolution: "graceful-fs@npm:4.2.11"
  checksum: 10c0/386d011a553e02bc594ac2ca0bd6d9e4c22d7fa8cfbfc448a6d148c59ea881b092db9dbe3547ae4b88e55f1b01f7c4a2ecc53b310c042793e63aa44cf6c257f2
  languageName: node
  linkType: hard

"has-flag@npm:^4.0.0":
  version: 4.0.0
  resolution: "has-flag@npm:4.0.0"
  checksum: 10c0/2e789c61b7888d66993e14e8331449e525ef42aac53c627cc53d1c3334e768bcb6abdc4f5f0de1478a25beec6f0bd62c7549058b7ac53e924040d4f301f02fd1
  languageName: node
  linkType: hard

"immediate@npm:~3.0.5":
  version: 3.0.6
  resolution: "immediate@npm:3.0.6"
  checksum: 10c0/f8ba7ede69bee9260241ad078d2d535848745ff5f6995c7c7cb41cfdc9ccc213f66e10fa5afb881f90298b24a3f7344b637b592beb4f54e582770cdce3f1f039
  languageName: node
  linkType: hard

"inflight@npm:^1.0.4":
  version: 1.0.6
  resolution: "inflight@npm:1.0.6"
  dependencies:
    once: "npm:^1.3.0"
    wrappy: "npm:1"
  checksum: 10c0/7faca22584600a9dc5b9fca2cd5feb7135ac8c935449837b315676b4c90aa4f391ec4f42240178244b5a34e8bede1948627fda392ca3191522fc46b34e985ab2
  languageName: node
  linkType: hard

"inherits@npm:2, inherits@npm:~2.0.3":
  version: 2.0.4
  resolution: "inherits@npm:2.0.4"
  checksum: 10c0/4e531f648b29039fb7426fb94075e6545faa1eb9fe83c29f0b6d9e7263aceb4289d2d4557db0d428188eeb449cc7c5e77b0a0b2c4e248ff2a65933a0dee49ef2
  languageName: node
  linkType: hard

"isarray@npm:~1.0.0":
  version: 1.0.0
  resolution: "isarray@npm:1.0.0"
  checksum: 10c0/18b5be6669be53425f0b84098732670ed4e727e3af33bc7f948aac01782110eb9a18b3b329c5323bcdd3acdaae547ee077d3951317e7f133bff7105264b3003d
  languageName: node
  linkType: hard

"js2xmlparser@npm:^4.0.2":
  version: 4.0.2
  resolution: "js2xmlparser@npm:4.0.2"
  dependencies:
    xmlcreate: "npm:^2.0.4"
  checksum: 10c0/b00de9351649d67d225e21734a08f456a4ecb3c29cafcd3bbecb36a8ab61ec841fad7f425bed50e21936fe387f472e49cfe75ce71d0beaacb0475b077c88ed39
  languageName: node
  linkType: hard

"jsdoc@npm:^4.0.0":
  version: 4.0.4
  resolution: "jsdoc@npm:4.0.4"
  dependencies:
    "@babel/parser": "npm:^7.20.15"
    "@jsdoc/salty": "npm:^0.2.1"
    "@types/markdown-it": "npm:^14.1.1"
    bluebird: "npm:^3.7.2"
    catharsis: "npm:^0.9.0"
    escape-string-regexp: "npm:^2.0.0"
    js2xmlparser: "npm:^4.0.2"
    klaw: "npm:^3.0.0"
    markdown-it: "npm:^14.1.0"
    markdown-it-anchor: "npm:^8.6.7"
    marked: "npm:^4.0.10"
    mkdirp: "npm:^1.0.4"
    requizzle: "npm:^0.2.3"
    strip-json-comments: "npm:^3.1.0"
    underscore: "npm:~1.13.2"
  bin:
    jsdoc: ./jsdoc.js
  checksum: 10c0/437a21ad67629dd9ae63d99b3d8f7c87e2a54559a15744cbdafe55ad6abd19678845e79dc88119035a31eef13a2ecaf1d623989a8b9631060780dcdfdf87c7a3
  languageName: node
  linkType: hard

"jszip@npm:^3.10.1":
  version: 3.10.1
  resolution: "jszip@npm:3.10.1"
  dependencies:
    lie: "npm:~3.3.0"
    pako: "npm:~1.0.2"
    readable-stream: "npm:~2.3.6"
    setimmediate: "npm:^1.0.5"
  checksum: 10c0/58e01ec9c4960383fb8b38dd5f67b83ccc1ec215bf74c8a5b32f42b6e5fb79fada5176842a11409c4051b5b94275044851814a31076bf49e1be218d3ef57c863
  languageName: node
  linkType: hard

"klaw@npm:^3.0.0":
  version: 3.0.0
  resolution: "klaw@npm:3.0.0"
  dependencies:
    graceful-fs: "npm:^4.1.9"
  checksum: 10c0/8391cf6df6337dce02e44628b620b39412d007eff162d907d37063c23986041d9b5c3558851d473c2fae92c1ccb0fde8864e36f9c55ac339fc469b517a2caa1b
  languageName: node
  linkType: hard

"levn@npm:~0.3.0":
  version: 0.3.0
  resolution: "levn@npm:0.3.0"
  dependencies:
    prelude-ls: "npm:~1.1.2"
    type-check: "npm:~0.3.2"
  checksum: 10c0/e440df9de4233da0b389cd55bd61f0f6aaff766400bebbccd1231b81801f6dbc1d816c676ebe8d70566394b749fa624b1ed1c68070e9c94999f0bdecc64cb676
  languageName: node
  linkType: hard

"lie@npm:~3.3.0":
  version: 3.3.0
  resolution: "lie@npm:3.3.0"
  dependencies:
    immediate: "npm:~3.0.5"
  checksum: 10c0/56dd113091978f82f9dc5081769c6f3b947852ecf9feccaf83e14a123bc630c2301439ce6182521e5fbafbde88e88ac38314327a4e0493a1bea7e0699a7af808
  languageName: node
  linkType: hard

"linkify-it@npm:^5.0.0":
  version: 5.0.0
  resolution: "linkify-it@npm:5.0.0"
  dependencies:
    uc.micro: "npm:^2.0.0"
  checksum: 10c0/ff4abbcdfa2003472fc3eb4b8e60905ec97718e11e33cca52059919a4c80cc0e0c2a14d23e23d8c00e5402bc5a885cdba8ca053a11483ab3cc8b3c7a52f88e2d
  languageName: node
  linkType: hard

"lodash@npm:^4.17.15, lodash@npm:^4.17.21":
  version: 4.17.21
  resolution: "lodash@npm:4.17.21"
  checksum: 10c0/d8cbea072bb08655bb4c989da418994b073a608dffa608b09ac04b43a791b12aeae7cd7ad919aa4c925f33b48490b5cfe6c1f71d827956071dae2e7bb3a6b74c
  languageName: node
  linkType: hard

"long@npm:^5.0.0":
  version: 5.2.3
  resolution: "long@npm:5.2.3"
  checksum: 10c0/6a0da658f5ef683b90330b1af76f06790c623e148222da9d75b60e266bbf88f803232dd21464575681638894a84091616e7f89557aa087fd14116c0f4e0e43d9
  languageName: node
  linkType: hard

"make-error@npm:^1.1.1":
  version: 1.3.6
  resolution: "make-error@npm:1.3.6"
  checksum: 10c0/171e458d86854c6b3fc46610cfacf0b45149ba043782558c6875d9f42f222124384ad0b468c92e996d815a8a2003817a710c0a160e49c1c394626f76fa45396f
  languageName: node
  linkType: hard

"markdown-it-anchor@npm:^8.6.7":
  version: 8.6.7
  resolution: "markdown-it-anchor@npm:8.6.7"
  peerDependencies:
    "@types/markdown-it": "*"
    markdown-it: "*"
  checksum: 10c0/f117866488013b7e4085a6b59d12bf62879181aef65ea2851f01ed1b763b8c052580c2c27fa8bd009421886220c6beeb373a65af9e885ce63a36ee9f8dcd0e89
  languageName: node
  linkType: hard

"markdown-it@npm:^14.1.0":
  version: 14.1.0
  resolution: "markdown-it@npm:14.1.0"
  dependencies:
    argparse: "npm:^2.0.1"
    entities: "npm:^4.4.0"
    linkify-it: "npm:^5.0.0"
    mdurl: "npm:^2.0.0"
    punycode.js: "npm:^2.3.1"
    uc.micro: "npm:^2.1.0"
  bin:
    markdown-it: bin/markdown-it.mjs
  checksum: 10c0/9a6bb444181d2db7016a4173ae56a95a62c84d4cbfb6916a399b11d3e6581bf1cc2e4e1d07a2f022ae72c25f56db90fbe1e529fca16fbf9541659dc53480d4b4
  languageName: node
  linkType: hard

"marked@npm:^4.0.10":
  version: 4.3.0
  resolution: "marked@npm:4.3.0"
  bin:
    marked: bin/marked.js
  checksum: 10c0/0013463855e31b9c88d8bb2891a611d10ef1dc79f2e3cbff1bf71ba389e04c5971298c886af0be799d7fa9aa4593b086a136062d59f1210b0480b026a8c5dc47
  languageName: node
  linkType: hard

"mdurl@npm:^2.0.0":
  version: 2.0.0
  resolution: "mdurl@npm:2.0.0"
  checksum: 10c0/633db522272f75ce4788440669137c77540d74a83e9015666a9557a152c02e245b192edc20bc90ae953bbab727503994a53b236b4d9c99bdaee594d0e7dd2ce0
  languageName: node
  linkType: hard

"meow@npm:^13.1.0":
  version: 13.2.0
  resolution: "meow@npm:13.2.0"
  checksum: 10c0/d5b339ae314715bcd0b619dd2f8a266891928e21526b4800d49b4fba1cc3fff7e2c1ff5edd3344149fac841bc2306157f858e8c4d5eaee4d52ce52ad925664ce
  languageName: node
  linkType: hard

"mime-db@npm:1.52.0":
  version: 1.52.0
  resolution: "mime-db@npm:1.52.0"
  checksum: 10c0/0557a01deebf45ac5f5777fe7740b2a5c309c6d62d40ceab4e23da9f821899ce7a900b7ac8157d4548ddbb7beffe9abc621250e6d182b0397ec7f10c7b91a5aa
  languageName: node
  linkType: hard

"mime-types@npm:^2.1.12, mime-types@npm:^2.1.35":
  version: 2.1.35
  resolution: "mime-types@npm:2.1.35"
  dependencies:
    mime-db: "npm:1.52.0"
  checksum: 10c0/82fb07ec56d8ff1fc999a84f2f217aa46cb6ed1033fefaabd5785b9a974ed225c90dc72fff460259e66b95b73648596dbcc50d51ed69cdf464af2d237d3149b2
  languageName: node
  linkType: hard

"minimatch@npm:^5.0.1":
  version: 5.1.6
  resolution: "minimatch@npm:5.1.6"
  dependencies:
    brace-expansion: "npm:^2.0.1"
  checksum: 10c0/3defdfd230914f22a8da203747c42ee3c405c39d4d37ffda284dac5e45b7e1f6c49aa8be606509002898e73091ff2a3bbfc59c2c6c71d4660609f63aa92f98e3
  languageName: node
  linkType: hard

"minimist@npm:^1.2.0":
  version: 1.2.8
  resolution: "minimist@npm:1.2.8"
  checksum: 10c0/19d3fcdca050087b84c2029841a093691a91259a47def2f18222f41e7645a0b7c44ef4b40e88a1e58a40c84d2ef0ee6047c55594d298146d0eb3f6b737c20ce6
  languageName: node
  linkType: hard

"mkdirp@npm:^1.0.4":
  version: 1.0.4
  resolution: "mkdirp@npm:1.0.4"
  bin:
    mkdirp: bin/cmd.js
  checksum: 10c0/46ea0f3ffa8bc6a5bc0c7081ffc3907777f0ed6516888d40a518c5111f8366d97d2678911ad1a6882bf592fa9de6c784fea32e1687bb94e1f4944170af48a5cf
  languageName: node
  linkType: hard

"multiformats@npm:^13.0.0, multiformats@npm:^13.1.0, multiformats@npm:^13.2.2":
  version: 13.3.1
  resolution: "multiformats@npm:13.3.1"
  checksum: 10c0/12a68569a2b74b0b3ed554af866149300ed587aa46ce65ef6539c522fc8d7deb5d38d38e41e004b50bc1109566e2c04bf848f1909c9e687e86f504c6cf586eac
  languageName: node
  linkType: hard

"once@npm:^1.3.0":
  version: 1.4.0
  resolution: "once@npm:1.4.0"
  dependencies:
    wrappy: "npm:1"
  checksum: 10c0/5d48aca287dfefabd756621c5dfce5c91a549a93e9fdb7b8246bc4c4790aa2ec17b34a260530474635147aeb631a2dcc8b32c613df0675f96041cbb8244517d0
  languageName: node
  linkType: hard

"optionator@npm:^0.8.1":
  version: 0.8.3
  resolution: "optionator@npm:0.8.3"
  dependencies:
    deep-is: "npm:~0.1.3"
    fast-levenshtein: "npm:~2.0.6"
    levn: "npm:~0.3.0"
    prelude-ls: "npm:~1.1.2"
    type-check: "npm:~0.3.2"
    word-wrap: "npm:~1.2.3"
  checksum: 10c0/ad7000ea661792b3ec5f8f86aac28895850988926f483b5f308f59f4607dfbe24c05df2d049532ee227c040081f39401a268cf7bbf3301512f74c4d760dc6dd8
  languageName: node
  linkType: hard

"pako@npm:~1.0.2":
  version: 1.0.11
  resolution: "pako@npm:1.0.11"
  checksum: 10c0/86dd99d8b34c3930345b8bbeb5e1cd8a05f608eeb40967b293f72fe469d0e9c88b783a8777e4cc7dc7c91ce54c5e93d88ff4b4f060e6ff18408fd21030d9ffbe
  languageName: node
  linkType: hard

"prelude-ls@npm:~1.1.2":
  version: 1.1.2
  resolution: "prelude-ls@npm:1.1.2"
  checksum: 10c0/7284270064f74e0bb7f04eb9bff7be677e4146417e599ccc9c1200f0f640f8b11e592d94eb1b18f7aa9518031913bb42bea9c86af07ba69902864e61005d6f18
  languageName: node
  linkType: hard

"process-nextick-args@npm:~2.0.0":
  version: 2.0.1
  resolution: "process-nextick-args@npm:2.0.1"
  checksum: 10c0/bec089239487833d46b59d80327a1605e1c5287eaad770a291add7f45fda1bb5e28b38e0e061add0a1d0ee0984788ce74fa394d345eed1c420cacf392c554367
  languageName: node
  linkType: hard

"protobufjs-cli@npm:^1.0.0":
  version: 1.1.3
  resolution: "protobufjs-cli@npm:1.1.3"
  dependencies:
    chalk: "npm:^4.0.0"
    escodegen: "npm:^1.13.0"
    espree: "npm:^9.0.0"
    estraverse: "npm:^5.1.0"
    glob: "npm:^8.0.0"
    jsdoc: "npm:^4.0.0"
    minimist: "npm:^1.2.0"
    semver: "npm:^7.1.2"
    tmp: "npm:^0.2.1"
    uglify-js: "npm:^3.7.7"
  peerDependencies:
    protobufjs: ^7.0.0
  bin:
    pbjs: bin/pbjs
    pbts: bin/pbts
  checksum: 10c0/e32942bd8a49b79e9e9fc79f04fe27349b45d1dbe538c5a43483478ebdcb4cf5de1542eb99ac5970264b76fe44480b701e2e70dc8f93a7ad8676eb24b9615844
  languageName: node
  linkType: hard

"protobufjs@npm:^7.4.0":
  version: 7.4.0
  resolution: "protobufjs@npm:7.4.0"
  dependencies:
    "@protobufjs/aspromise": "npm:^1.1.2"
    "@protobufjs/base64": "npm:^1.1.2"
    "@protobufjs/codegen": "npm:^2.0.4"
    "@protobufjs/eventemitter": "npm:^1.1.0"
    "@protobufjs/fetch": "npm:^1.1.0"
    "@protobufjs/float": "npm:^1.0.2"
    "@protobufjs/inquire": "npm:^1.1.0"
    "@protobufjs/path": "npm:^1.1.2"
    "@protobufjs/pool": "npm:^1.1.0"
    "@protobufjs/utf8": "npm:^1.1.0"
    "@types/node": "npm:>=13.7.0"
    long: "npm:^5.0.0"
  checksum: 10c0/a5460a63fe596523b9a067cbce39a6b310d1a71750fda261f076535662aada97c24450e18c5bc98a27784f70500615904ff1227e1742183509f0db4fdede669b
  languageName: node
  linkType: hard

"protons-runtime@npm:^5.0.0, protons-runtime@npm:^5.5.0":
  version: 5.5.0
  resolution: "protons-runtime@npm:5.5.0"
  dependencies:
    uint8-varint: "npm:^2.0.2"
    uint8arraylist: "npm:^2.4.3"
    uint8arrays: "npm:^5.0.1"
  checksum: 10c0/577588eb47c20136d1d41a1aa2c6ae8bef7d2504cf81e1e2ed15afb3cee97ea0a8743106c83cedd72fa7f4ffeb270d9c9e16479c1ad5ad79879a0b11218baf4d
  languageName: node
  linkType: hard

"protons@npm:^7.6.0":
  version: 7.6.0
  resolution: "protons@npm:7.6.0"
  dependencies:
    meow: "npm:^13.1.0"
    protobufjs-cli: "npm:^1.0.0"
    protons-runtime: "npm:^5.0.0"
  bin:
    protons: dist/bin/protons.js
  checksum: 10c0/06ee3914fc47b701f216cac1af3f3d5c9d7d103e0ac76278d803508607638eeeb5eb12dd9c543cb31a7bb6b0d5f99c7c7df1e8869166f79a3d411126ec915d3a
  languageName: node
  linkType: hard

"proxy-from-env@npm:^1.1.0":
  version: 1.1.0
  resolution: "proxy-from-env@npm:1.1.0"
  checksum: 10c0/fe7dd8b1bdbbbea18d1459107729c3e4a2243ca870d26d34c2c1bcd3e4425b7bcc5112362df2d93cc7fb9746f6142b5e272fd1cc5c86ddf8580175186f6ad42b
  languageName: node
  linkType: hard

"punycode.js@npm:^2.3.1":
  version: 2.3.1
  resolution: "punycode.js@npm:2.3.1"
  checksum: 10c0/1d12c1c0e06127fa5db56bd7fdf698daf9a78104456a6b67326877afc21feaa821257b171539caedd2f0524027fa38e67b13dd094159c8d70b6d26d2bea4dfdb
  languageName: node
  linkType: hard

"pvtsutils@npm:^1.3.2, pvtsutils@npm:^1.3.5":
  version: 1.3.6
  resolution: "pvtsutils@npm:1.3.6"
  dependencies:
    tslib: "npm:^2.8.1"
  checksum: 10c0/b1b42646370505ccae536dcffa662303b2c553995211330c8e39dec9ab8c197585d7751c2c5b9ab2f186feda0219d9bb23c34ee1e565573be96450f79d89a13c
  languageName: node
  linkType: hard

"pvutils@npm:^1.1.3":
  version: 1.1.3
  resolution: "pvutils@npm:1.1.3"
  checksum: 10c0/23489e6b3c76b6afb6964a20f891d6bef092939f401c78bba186b2bfcdc7a13904a0af0a78f7933346510f8c1228d5ab02d3c80e968fd84d3c76ff98d8ec9aac
  languageName: node
  linkType: hard

"readable-stream@npm:~2.3.6":
  version: 2.3.8
  resolution: "readable-stream@npm:2.3.8"
  dependencies:
    core-util-is: "npm:~1.0.0"
    inherits: "npm:~2.0.3"
    isarray: "npm:~1.0.0"
    process-nextick-args: "npm:~2.0.0"
    safe-buffer: "npm:~5.1.1"
    string_decoder: "npm:~1.1.1"
    util-deprecate: "npm:~1.0.1"
  checksum: 10c0/7efdb01f3853bc35ac62ea25493567bf588773213f5f4a79f9c365e1ad13bab845ac0dae7bc946270dc40c3929483228415e92a3fc600cc7e4548992f41ee3fa
  languageName: node
  linkType: hard

"requizzle@npm:^0.2.3":
  version: 0.2.4
  resolution: "requizzle@npm:0.2.4"
  dependencies:
    lodash: "npm:^4.17.21"
  checksum: 10c0/ad138f987943aeda5f96cd1ccba9752c96352a729a7e3c3e2545568703f7fc9b978d9b46715803408ef178b0d61d36a4b1b506b367b7e78fe6d041fa5bfa5e06
  languageName: node
  linkType: hard

"safe-buffer@npm:~5.1.0, safe-buffer@npm:~5.1.1":
  version: 5.1.2
  resolution: "safe-buffer@npm:5.1.2"
  checksum: 10c0/780ba6b5d99cc9a40f7b951d47152297d0e260f0df01472a1b99d4889679a4b94a13d644f7dbc4f022572f09ae9005fa2fbb93bbbd83643316f365a3e9a45b21
  languageName: node
  linkType: hard

"semver@npm:^7.1.2":
  version: 7.6.3
  resolution: "semver@npm:7.6.3"
  bin:
    semver: bin/semver.js
  checksum: 10c0/88f33e148b210c153873cb08cfe1e281d518aaa9a666d4d148add6560db5cd3c582f3a08ccb91f38d5f379ead256da9931234ed122057f40bb5766e65e58adaf
  languageName: node
  linkType: hard

"setimmediate@npm:^1.0.5":
  version: 1.0.5
  resolution: "setimmediate@npm:1.0.5"
  checksum: 10c0/5bae81bfdbfbd0ce992893286d49c9693c82b1bcc00dcaaf3a09c8f428fdeacf4190c013598b81875dfac2b08a572422db7df779a99332d0fce186d15a3e4d49
  languageName: node
  linkType: hard

"source-map@npm:~0.6.1":
  version: 0.6.1
  resolution: "source-map@npm:0.6.1"
  checksum: 10c0/ab55398007c5e5532957cb0beee2368529618ac0ab372d789806f5718123cc4367d57de3904b4e6a4170eb5a0b0f41373066d02ca0735a0c4d75c7d328d3e011
  languageName: node
  linkType: hard

"string_decoder@npm:~1.1.1":
  version: 1.1.1
  resolution: "string_decoder@npm:1.1.1"
  dependencies:
    safe-buffer: "npm:~5.1.0"
  checksum: 10c0/b4f89f3a92fd101b5653ca3c99550e07bdf9e13b35037e9e2a1c7b47cec4e55e06ff3fc468e314a0b5e80bfbaf65c1ca5a84978764884ae9413bec1fc6ca924e
  languageName: node
  linkType: hard

"strip-json-comments@npm:^3.1.0":
  version: 3.1.1
  resolution: "strip-json-comments@npm:3.1.1"
  checksum: 10c0/9681a6257b925a7fa0f285851c0e613cc934a50661fa7bb41ca9cbbff89686bb4a0ee366e6ecedc4daafd01e83eee0720111ab294366fe7c185e935475ebcecd
  languageName: node
  linkType: hard

"supports-color@npm:^7.1.0":
  version: 7.2.0
  resolution: "supports-color@npm:7.2.0"
  dependencies:
    has-flag: "npm:^4.0.0"
  checksum: 10c0/afb4c88521b8b136b5f5f95160c98dee7243dc79d5432db7efc27efb219385bbc7d9427398e43dd6cc730a0f87d5085ce1652af7efbe391327bc0a7d0f7fc124
  languageName: node
  linkType: hard

"tmp@npm:^0.2.1":
  version: 0.2.3
  resolution: "tmp@npm:0.2.3"
  checksum: 10c0/3e809d9c2f46817475b452725c2aaa5d11985cf18d32a7a970ff25b568438e2c076c2e8609224feef3b7923fa9749b74428e3e634f6b8e520c534eef2fd24125
  languageName: node
  linkType: hard

"ts-node@npm:^10.9.2":
  version: 10.9.2
  resolution: "ts-node@npm:10.9.2"
  dependencies:
    "@cspotcode/source-map-support": "npm:^0.8.0"
    "@tsconfig/node10": "npm:^1.0.7"
    "@tsconfig/node12": "npm:^1.0.7"
    "@tsconfig/node14": "npm:^1.0.0"
    "@tsconfig/node16": "npm:^1.0.2"
    acorn: "npm:^8.4.1"
    acorn-walk: "npm:^8.1.1"
    arg: "npm:^4.1.0"
    create-require: "npm:^1.1.0"
    diff: "npm:^4.0.1"
    make-error: "npm:^1.1.1"
    v8-compile-cache-lib: "npm:^3.0.1"
    yn: "npm:3.1.1"
  peerDependencies:
    "@swc/core": ">=1.2.50"
    "@swc/wasm": ">=1.2.50"
    "@types/node": "*"
    typescript: ">=2.7"
  peerDependenciesMeta:
    "@swc/core":
      optional: true
    "@swc/wasm":
      optional: true
  bin:
    ts-node: dist/bin.js
    ts-node-cwd: dist/bin-cwd.js
    ts-node-esm: dist/bin-esm.js
    ts-node-script: dist/bin-script.js
    ts-node-transpile-only: dist/bin-transpile.js
    ts-script: dist/bin-script-deprecated.js
  checksum: 10c0/5f29938489f96982a25ba650b64218e83a3357d76f7bede80195c65ab44ad279c8357264639b7abdd5d7e75fc269a83daa0e9c62fd8637a3def67254ecc9ddc2
  languageName: node
  linkType: hard

"tslib@npm:^2.0.0, tslib@npm:^2.4.0, tslib@npm:^2.6.2, tslib@npm:^2.7.0, tslib@npm:^2.8.1":
  version: 2.8.1
  resolution: "tslib@npm:2.8.1"
  checksum: 10c0/9c4759110a19c53f992d9aae23aac5ced636e99887b51b9e61def52611732872ff7668757d4e4c61f19691e36f4da981cd9485e869b4a7408d689f6bf1f14e62
  languageName: node
  linkType: hard

"type-check@npm:~0.3.2":
  version: 0.3.2
  resolution: "type-check@npm:0.3.2"
  dependencies:
    prelude-ls: "npm:~1.1.2"
  checksum: 10c0/776217116b2b4e50e368c7ee0c22c0a85e982881c16965b90d52f216bc296d6a52ef74f9202d22158caacc092a7645b0b8d5fe529a96e3fe35d0fb393966c875
  languageName: node
  linkType: hard

"typescript@npm:^5.5.4":
  version: 5.7.2
  resolution: "typescript@npm:5.7.2"
  bin:
    tsc: bin/tsc
    tsserver: bin/tsserver
  checksum: 10c0/a873118b5201b2ef332127ef5c63fb9d9c155e6fdbe211cbd9d8e65877283797cca76546bad742eea36ed7efbe3424a30376818f79c7318512064e8625d61622
  languageName: node
  linkType: hard

"typescript@patch:typescript@npm%3A^5.5.4#optional!builtin<compat/typescript>":
  version: 5.7.2
  resolution: "typescript@patch:typescript@npm%3A5.7.2#optional!builtin<compat/typescript>::version=5.7.2&hash=cef18b"
  bin:
    tsc: bin/tsc
    tsserver: bin/tsserver
  checksum: 10c0/c891ccf04008bc1305ba34053db951f8a4584b4a1bf2f68fd972c4a354df3dc5e62c8bfed4f6ac2d12e5b3b1c49af312c83a651048f818cd5b4949d17baacd79
  languageName: node
  linkType: hard

"uc.micro@npm:^2.0.0, uc.micro@npm:^2.1.0":
  version: 2.1.0
  resolution: "uc.micro@npm:2.1.0"
  checksum: 10c0/8862eddb412dda76f15db8ad1c640ccc2f47cdf8252a4a30be908d535602c8d33f9855dfcccb8b8837855c1ce1eaa563f7fa7ebe3c98fd0794351aab9b9c55fa
  languageName: node
  linkType: hard

"uglify-js@npm:^3.7.7":
  version: 3.19.3
  resolution: "uglify-js@npm:3.19.3"
  bin:
    uglifyjs: bin/uglifyjs
  checksum: 10c0/83b0a90eca35f778e07cad9622b80c448b6aad457c9ff8e568afed978212b42930a95f9e1be943a1ffa4258a3340fbb899f41461131c05bb1d0a9c303aed8479
  languageName: node
  linkType: hard

"uint8-varint@npm:^2.0.2":
  version: 2.0.4
  resolution: "uint8-varint@npm:2.0.4"
  dependencies:
    uint8arraylist: "npm:^2.0.0"
    uint8arrays: "npm:^5.0.0"
  checksum: 10c0/850bce72c2b639d317db6af2c30544f7f8c6451fa328d674aca74d7e263a9510acd3af555ed04ffbc20b9ff68fd5d2e06b91a5c9ffde781cf6ee6233606f34dc
  languageName: node
  linkType: hard

"uint8arraylist@npm:^2.0.0, uint8arraylist@npm:^2.4.3":
  version: 2.4.8
  resolution: "uint8arraylist@npm:2.4.8"
  dependencies:
    uint8arrays: "npm:^5.0.1"
  checksum: 10c0/a997289ad66d4ffff24d85524b70af9fb6914ef1657400907a792afbff4c4600e7dde7ab3de83da8309c7b22c093c93bc8a95b3d288eeac4c935133bfb925bac
  languageName: node
  linkType: hard

"uint8arrays@npm:^5.0.0, uint8arrays@npm:^5.0.1":
  version: 5.1.0
  resolution: "uint8arrays@npm:5.1.0"
  dependencies:
    multiformats: "npm:^13.0.0"
  checksum: 10c0/e7587f97d03a17a608becd01b3ca52aa6db43e7ee6156c18b278c715a62f4f9e62ef2fe9432a3cd02791b6222a17578476a20b8e3ea37dd3b5ce454c6a8782a9
  languageName: node
  linkType: hard

"underscore@npm:~1.13.2":
  version: 1.13.7
  resolution: "underscore@npm:1.13.7"
  checksum: 10c0/fad2b4aac48847674aaf3c30558f383399d4fdafad6dd02dd60e4e1b8103b52c5a9e5937e0cc05dacfd26d6a0132ed0410ab4258241240757e4a4424507471cd
  languageName: node
  linkType: hard

"undici-types@npm:~6.20.0":
  version: 6.20.0
  resolution: "undici-types@npm:6.20.0"
  checksum: 10c0/68e659a98898d6a836a9a59e6adf14a5d799707f5ea629433e025ac90d239f75e408e2e5ff086afc3cace26f8b26ee52155293564593fbb4a2f666af57fc59bf
  languageName: node
  linkType: hard

"util-deprecate@npm:~1.0.1":
  version: 1.0.2
  resolution: "util-deprecate@npm:1.0.2"
  checksum: 10c0/41a5bdd214df2f6c3ecf8622745e4a366c4adced864bc3c833739791aeeeb1838119af7daed4ba36428114b5c67dcda034a79c882e97e43c03e66a4dd7389942
  languageName: node
  linkType: hard

"v8-compile-cache-lib@npm:^3.0.1":
  version: 3.0.1
  resolution: "v8-compile-cache-lib@npm:3.0.1"
  checksum: 10c0/bdc36fb8095d3b41df197f5fb6f11e3a26adf4059df3213e3baa93810d8f0cc76f9a74aaefc18b73e91fe7e19154ed6f134eda6fded2e0f1c8d2272ed2d2d391
  languageName: node
  linkType: hard

"webcrypto-core@npm:^1.8.0":
  version: 1.8.1
  resolution: "webcrypto-core@npm:1.8.1"
  dependencies:
    "@peculiar/asn1-schema": "npm:^2.3.13"
    "@peculiar/json-schema": "npm:^1.1.12"
    asn1js: "npm:^3.0.5"
    pvtsutils: "npm:^1.3.5"
    tslib: "npm:^2.7.0"
  checksum: 10c0/b85a986b4f73e8505ec5eaafe8e4f1ff02574a3b655793aca91f913d02822c8b79168ad6961eaab86ae00fec00bf780ec4cef7535f64879fb866649bc2a723fa
  languageName: node
  linkType: hard

"word-wrap@npm:~1.2.3":
  version: 1.2.5
  resolution: "word-wrap@npm:1.2.5"
  checksum: 10c0/e0e4a1ca27599c92a6ca4c32260e8a92e8a44f4ef6ef93f803f8ed823f486e0889fc0b93be4db59c8d51b3064951d25e43d434e95dc8c960cc3a63d65d00ba20
  languageName: node
  linkType: hard

"wrappy@npm:1":
  version: 1.0.2
  resolution: "wrappy@npm:1.0.2"
  checksum: 10c0/56fece1a4018c6a6c8e28fbc88c87e0fbf4ea8fd64fc6c63b18f4acc4bd13e0ad2515189786dd2c30d3eec9663d70f4ecf699330002f8ccb547e4a18231fc9f0
  languageName: node
  linkType: hard

"xmlcreate@npm:^2.0.4":
  version: 2.0.4
  resolution: "xmlcreate@npm:2.0.4"
  checksum: 10c0/fc4234e2d1942877d761d4f3d64410b54633d2ec60b13a5d56a6a06545aba39a0df8ed7ded10785a302f632eb4f0a4fedbf4bf10e17892e11d5075244b9e5705
  languageName: node
  linkType: hard

"yn@npm:3.1.1":
  version: 3.1.1
  resolution: "yn@npm:3.1.1"
  checksum: 10c0/0732468dd7622ed8a274f640f191f3eaf1f39d5349a1b72836df484998d7d9807fbea094e2f5486d6b0cd2414aad5775972df0e68f8604db89a239f0f4bf7443
  languageName: node
  linkType: hard

"zod@npm:^3.23.8":
  version: 3.23.8
  resolution: "zod@npm:3.23.8"
  checksum: 10c0/8f14c87d6b1b53c944c25ce7a28616896319d95bc46a9660fe441adc0ed0a81253b02b5abdaeffedbeb23bdd25a0bf1c29d2c12dd919aef6447652dd295e3e69
  languageName: node
  linkType: hard
